
Microsoft Visual Studio Solution File, Format Version 12.00
# Visual Studio Version 17
VisualStudioVersion = 17.4.32804.182
MinimumVisualStudioVersion = 10.0.40219.1
Project("{9A19103F-16F7-4668-BE54-9A1E7A4F7556}") = "AuthenticationWebapi", "AuthenticationWebapi\AuthenticationWebapi.csproj", "{987C6F16-5701-440A-85E5-475D6B042BB4}"
EndProject
Project("{9A19103F-16F7-4668-BE54-9A1E7A4F7556}") = "Authentication.Core", "Authentication.Core\Authentication.Core.csproj", "{2FBF8D68-8987-4E74-9A97-DCDEF7CC93A6}"
EndProject
Project("{9A19103F-16F7-4668-BE54-9A1E7A4F7556}") = "Authentication.Services", "Authentication.Services\Authentication.Services.csproj", "{721C9800-2F19-4675-8AF5-A590591175F0}"
EndProject
Global
	GlobalSection(SolutionConfigurationPlatforms) = preSolution
		Debug|Any CPU = Debug|Any CPU
		Release|Any CPU = Release|Any CPU
	EndGlobalSection
	GlobalSection(ProjectConfigurationPlatforms) = postSolution
		{987C6F16-5701-440A-85E5-475D6B042BB4}.Debug|Any CPU.ActiveCfg = Debug|Any CPU
		{987C6F16-5701-440A-85E5-475D6B042BB4}.Debug|Any CPU.Build.0 = Debug|Any CPU
		{987C6F16-5701-440A-85E5-475D6B042BB4}.Release|Any CPU.ActiveCfg = Release|Any CPU
		{987C6F16-5701-440A-85E5-475D6B042BB4}.Release|Any CPU.Build.0 = Release|Any CPU
		{2FBF8D68-8987-4E74-9A97-DCDEF7CC93A6}.Debug|Any CPU.ActiveCfg = Debug|Any CPU
		{2FBF8D68-8987-4E74-9A97-DCDEF7CC93A6}.Debug|Any CPU.Build.0 = Debug|Any CPU
		{2FBF8D68-8987-4E74-9A97-DCDEF7CC93A6}.Release|Any CPU.ActiveCfg = Release|Any CPU
		{2FBF8D68-8987-4E74-9A97-DCDEF7CC93A6}.Release|Any CPU.Build.0 = Release|Any CPU
		{721C9800-2F19-4675-8AF5-A590591175F0}.Debug|Any CPU.ActiveCfg = Debug|Any CPU
		{721C9800-2F19-4675-8AF5-A590591175F0}.Debug|Any CPU.Build.0 = Debug|Any CPU
		{721C9800-2F19-4675-8AF5-A590591175F0}.Release|Any CPU.ActiveCfg = Release|Any CPU
		{721C9800-2F19-4675-8AF5-A590591175F0}.Release|Any CPU.Build.0 = Release|Any CPU
	EndGlobalSection
	GlobalSection(SolutionProperties) = preSolution
		HideSolutionNode = FALSE
	EndGlobalSection
	GlobalSection(ExtensibilityGlobals) = postSolution
		SolutionGuid = {3DD60A17-2CC7-4842-A031-CC7E57BDBA12}
	EndGlobalSection
EndGlobal
